{
  "name": "GreenTastes",
  "version": "1.0.0",
  "lockfileVersion": 3,
  "requires": true,
  "packages": {
    "": {
      "name": "GreenTastes",
      "version": "1.0.0",
      "dependencies": {
        "leaflet": "^1.9.4",
        "leaflet.fullscreen": "^3.0.2"
      }
    },
    "node_modules/leaflet": {
      "version": "1.9.4",
      "resolved": "https://registry.npmjs.org/leaflet/-/leaflet-1.9.4.tgz",
      "integrity": "sha512-nxS1ynzJOmOlHp+iL3FyWqK89GtNL8U8rvlMOsQdTTssxZwCXh8N2NB3GDQOL+YR3XnWyZAxwQixURb+FA74PA=="
    },
    "node_modules/leaflet.fullscreen": {
      "version": "3.0.2",
      "resolved": "https://registry.npmjs.org/leaflet.fullscreen/-/leaflet.fullscreen-3.0.2.tgz",
      "integrity": "sha512-m27waFVmwdrLGXjZw2L8b7w/W28EY+u7IGzK2x8K99XaPuzKbjI+/H1j0OMawLcRPZyDRh+39XpyLsvDwHUEoA=="
    }
  }
}
